{
  "name": "@clack/prompts-demo",
  "version": "0.0.0",
  "lockfileVersion": 2,
  "requires": true,
  "packages": {
    "": {
      "name": "@clack/prompts-demo",
      "version": "0.0.0",
      "dependencies": {
        "@clack/prompts": "^0.2.0",
        "picocolors": "^1.0.0"
      }
    },
    "node_modules/@clack/core": {
      "version": "0.1.2",
      "resolved": "https://registry.npmjs.org/@clack/core/-/core-0.1.2.tgz",
      "integrity": "sha512-NwVrhVMvX+QC4EoRwmBnkotzKzxM+Ppyi9tYKUf6N1WQd+ETIfwY/czVTZTOW4F8wbuqduHQHNjaSxTpp5DgMA==",
      "dependencies": {
        "picocolors": "^1.0.0",
        "sisteransi": "^1.0.5"
      }
    },
    "node_modules/@clack/prompts": {
      "version": "0.2.0",
      "resolved": "https://registry.npmjs.org/@clack/prompts/-/prompts-0.2.0.tgz",
      "integrity": "sha512-2/z+ggir05igkE1BWReiamGEWDi7oklR6/rURbaWhWTMHiJkqmMhza1eilAtMeg+ALnX16msDfK8IMVeW0LGTg==",
      "dependencies": {
        "@clack/core": "^0.1.2",
        "ansi-regex": "^6.0.1",
        "picocolors": "^1.0.0",
        "sisteransi": "^1.0.5"
      }
    },
    "node_modules/ansi-regex": {
      "version": "6.0.1",
      "resolved": "https://registry.npmjs.org/ansi-regex/-/ansi-regex-6.0.1.tgz",
      "integrity": "sha512-n5M855fKb2SsfMIiFFoVrABHJC8QtHwVx+mHWP3QcEqBHYienj5dHSgjbxtC0WEZXYt4wcD6zrQElDPhFuZgfA==",
      "engines": {
        "node": ">=12"
      },
      "funding": {
        "url": "https://github.com/chalk/ansi-regex?sponsor=1"
      }
    },
    "node_modules/picocolors": {
      "version": "1.0.0",
      "resolved": "https://registry.npmjs.org/picocolors/-/picocolors-1.0.0.tgz",
      "integrity": "sha512-1fygroTLlHu66zi26VoTDv8yRgm0Fccecssto+MhsZ0D/DGW2sm8E8AjW7NU5VVTRt5GxbeZ5qBuJr+HyLYkjQ=="
    },
    "node_modules/sisteransi": {
      "version": "1.0.5",
      "resolved": "https://registry.npmjs.org/sisteransi/-/sisteransi-1.0.5.tgz",
      "integrity": "sha512-bLGGlR1QxBcynn2d5YmDX4MGjlZvy2MRBDRNHLJ8VI6l6+9FUiyTFNJ0IveOSP0bcXgVDPRcfGqA0pjaqUpfVg=="
    }
  },
  "dependencies": {
    "@clack/core": {
      "version": "0.1.2",
      "resolved": "https://registry.npmjs.org/@clack/core/-/core-0.1.2.tgz",
      "integrity": "sha512-NwVrhVMvX+QC4EoRwmBnkotzKzxM+Ppyi9tYKUf6N1WQd+ETIfwY/czVTZTOW4F8wbuqduHQHNjaSxTpp5DgMA==",
      "requires": {
        "picocolors": "^1.0.0",
        "sisteransi": "^1.0.5"
      }
    },
    "@clack/prompts": {
      "version": "0.2.0",
      "resolved": "https://registry.npmjs.org/@clack/prompts/-/prompts-0.2.0.tgz",
      "integrity": "sha512-2/z+ggir05igkE1BWReiamGEWDi7oklR6/rURbaWhWTMHiJkqmMhza1eilAtMeg+ALnX16msDfK8IMVeW0LGTg==",
      "requires": {
        "@clack/core": "^0.1.2",
        "ansi-regex": "^6.0.1",
        "picocolors": "^1.0.0",
        "sisteransi": "^1.0.5"
      }
    },
    "ansi-regex": {
      "version": "6.0.1",
      "resolved": "https://registry.npmjs.org/ansi-regex/-/ansi-regex-6.0.1.tgz",
      "integrity": "sha512-n5M855fKb2SsfMIiFFoVrABHJC8QtHwVx+mHWP3QcEqBHYienj5dHSgjbxtC0WEZXYt4wcD6zrQElDPhFuZgfA=="
    },
    "picocolors": {
      "version": "1.0.0",
      "resolved": "https://registry.npmjs.org/picocolors/-/picocolors-1.0.0.tgz",
      "integrity": "sha512-1fygroTLlHu66zi26VoTDv8yRgm0Fccecssto+MhsZ0D/DGW2sm8E8AjW7NU5VVTRt5GxbeZ5qBuJr+HyLYkjQ=="
    },
    "sisteransi": {
      "version": "1.0.5",
      "resolved": "https://registry.npmjs.org/sisteransi/-/sisteransi-1.0.5.tgz",
      "integrity": "sha512-bLGGlR1QxBcynn2d5YmDX4MGjlZvy2MRBDRNHLJ8VI6l6+9FUiyTFNJ0IveOSP0bcXgVDPRcfGqA0pjaqUpfVg=="
    }
  }
}
